{
    "_meta": {
        "hash": {
            "sha256": "3e94c098a8b0535bc89fe293ec89b67b9858be2f8975419bc74999b4188f82b9"
        },
        "pipfile-spec": 6,
        "requires": {
            "python_version": "3.6"
        },
        "sources": [
            {
                "name": "pypi",
                "url": "https://pypi.python.org/simple",
                "verify_ssl": true
            }
        ]
    },
    "default": {
        "dj-database-url": {
            "hashes": [
                "sha256:a6832d8445ee9d788c5baa48aef8130bf61fdc442f7d9a548424d25cd85c9f08",
                "sha256:e16d94c382ea0564c48038fa7fe8d9c890ef1ab1a8ec4cb48e732c124b9482fd"
            ],
            "index": "pypi",
            "version": "==0.4.2"
        },
        "django": {
            "hashes": [
                "sha256:84f370f6acedbe1f3c41e1a02de44ac206efda3355e427139ecb785b5f596d80",
                "sha256:e8fe3c2b2212dce6126becab7a693157f1a441a07b62ec994c046c76af5bb66d"
            ],
            "index": "pypi",
            "version": "==2.2.13"
        },
        "django-configurations": {
            "hashes": [
                "sha256:b4a4eb3ed631c2abbeb7008b5cc5d8d04b190df838e7b613731d728f674f3a2f",
                "sha256:be47e25d070fd005cc8fbd6c913c9ec37e83d04686937afe18ca6c579b2cdedb"
            ],
            "index": "pypi",
            "version": "==2.0.0"
        },
        "django-cors-headers": {
            "hashes": [
                "sha256:0e9532628b3aa8806442d4d0b15e56112e6cfbef3735e13401935c98b842a2b4",
                "sha256:c7ec4816ec49416517b84f317499d1519db62125471922ab78d670474ed9b987"
            ],
            "index": "pypi",
            "version": "==2.2.0"
        },
        "django-debug-toolbar": {
            "hashes": [
                "sha256:4af2a4e1e932dadbda197b18585962d4fc20172b4e5a479490bc659fe998864d",
                "sha256:d9ea75659f76d8f1e3eb8f390b47fc5bad0908d949c34a8a3c4c87978eb40a0f"
            ],
            "index": "pypi",
            "version": "==1.9.1"
        },
        "django-extensions": {
            "hashes": [
                "sha256:2489ee3e71d4412926b8b91a8a3ca04f716df33be7020dc172d23e87a76a3f2f",
                "sha256:3f6f2960a21fe0dfc42060523a6783c3d0b09578ca90ce2ca9fd5e846dca783f"
            ],
            "index": "pypi",
            "version": "==1.9.7"
        },
        "djangorestframework": {
            "hashes": [
                "sha256:b6714c3e4b0f8d524f193c91ecf5f5450092c2145439ac2769711f7eba89a9d9",
                "sha256:c375e4f95a3a64fccac412e36fb42ba36881e52313ec021ef410b40f67cddca4"
            ],
            "index": "pypi",
            "version": "==3.8.2"
        },
        "gunicorn": {
            "hashes": [
                "sha256:75af03c99389535f218cc596c7de74df4763803f7b63eb09d77e92b3956b36c6",
                "sha256:eee1169f0ca667be05db3351a0960765620dad53f53434262ff8901b68a1b622"
            ],
            "index": "pypi",
            "version": "==19.7.1"
        },
        "newrelic": {
            "hashes": [
                "sha256:965214625392d41b9620c6928a6b10036bf1e2a2b797cdb6682650e95e1f616e"
            ],
            "index": "pypi",
            "version": "==2.98.0.81"
        },
        "psycopg2": {
            "hashes": [
                "sha256:009e0bc09a57dbef4b601cb8b46a2abad51f5274c8be4bba276ff2884cd4cc53",
                "sha256:0344b181e1aea37a58c218ccb0f0f771295de9aa25a625ed076e6996c6530f9e",
                "sha256:0cd4c848f0e9d805d531e44973c8f48962e20eb7fc0edac3db4f9dbf9ed5ab82",
                "sha256:1286dd16d0e46d59fa54582725986704a7a3f3d9aca6c5902a7eceb10c60cb7e",
                "sha256:1cf5d84290c771eeecb734abe2c6c3120e9837eb12f99474141a862b9061ac51",
                "sha256:207ba4f9125a0a4200691e82d5eee7ea1485708eabe99a07fc7f08696fae62f4",
                "sha256:25250867a4cd1510fb755ef9cb38da3065def999d8e92c44e49a39b9b76bc893",
                "sha256:2954557393cfc9a5c11a5199c7a78cd9c0c793a047552d27b1636da50d013916",
                "sha256:317612d5d0ca4a9f7e42afb2add69b10be360784d21ce4ecfbca19f1f5eadf43",
                "sha256:37f54452c7787dbdc0a634ca9773362b91709917f0b365ed14b831f03cbd34ba",
                "sha256:40fa5630cd7d237cd93c4d4b64b9e5ed9273d1cfce55241c7f9066f5db70629d",
                "sha256:57baf63aeb2965ca4b52613ce78e968b6d2bde700c97f6a7e8c6c236b51ab83e",
                "sha256:594aa9a095de16614f703d759e10c018bdffeafce2921b8e80a0e8a0ebbc12e5",
                "sha256:5c3213be557d0468f9df8fe2487eaf2990d9799202c5ff5cb8d394d09fad9b2a",
                "sha256:697ff63bc5451e0b0db48ad205151123d25683b3754198be7ab5fcb44334e519",
                "sha256:6c2f1a76a9ebd9ecf7825b9e20860139ca502c2bf1beabf6accf6c9e66a7e0c3",
                "sha256:7a75565181e75ba0b9fb174b58172bf6ea9b4331631cfe7bafff03f3641f5d73",
                "sha256:7a9c6c62e6e05df5406e9b5235c31c376a22620ef26715a663cee57083b3c2ea",
                "sha256:7c31dade89634807196a6b20ced831fbd5bec8a21c4e458ea950c9102c3aa96f",
                "sha256:82c40ea3ac1555e0462803380609fbe8b26f52620f3d4f8eb480cfd8ceed8a14",
                "sha256:8f5942a4daf1ffac42109dc4a72f786af4baa4fa702ede1d7c57b4b696c2e7d6",
                "sha256:92179bd68c2efe72924a99b6745a9172471931fc296f9bfdf9645b75eebd6344",
                "sha256:94e4128ba1ea56f02522fffac65520091a9de3f5c00da31539e085e13db4771b",
                "sha256:988d2ec7560d42ef0ac34b3b97aad14c4f068792f00e1524fa1d3749fe4e4b64",
                "sha256:9d6266348b15b4a48623bf4d3e50445d8e581da413644f365805b321703d0fac",
                "sha256:9d64fed2681552ed642e9c0cc831a9e95ab91de72b47d0cb68b5bf506ba88647",
                "sha256:b9358e203168fef7bfe9f430afaed3a2a624717a1d19c7afa7dfcbd76e3cd95c",
                "sha256:bf708455cd1e9fa96c05126e89a0c59b200d086c7df7bbafc7d9be769e4149a3",
                "sha256:d3ac07240e2304181ffdb13c099840b5eb555efc7be9344503c0c03aa681de79",
                "sha256:ddca39cc55877653b5fcf59976d073e3d58c7c406ef54ae8e61ddf8782867182",
                "sha256:fc993c9331d91766d54757bbc70231e29d5ceb2d1ac08b1570feaa0c38ab9582"
            ],
            "index": "pypi",
            "version": "==2.7.3.2"
        },
        "pytz": {
            "hashes": [
                "sha256:a494d53b6d39c3c6e44c3bec237336e14305e4f29bbf800b599253057fbb79ed",
                "sha256:c35965d010ce31b23eeb663ed3cc8c906275d6be1a34393a1d73a41febf4a048"
            ],
            "version": "==2020.1"
        },
        "six": {
            "hashes": [
                "sha256:30639c035cdb23534cd4aa2dd52c3bf48f06e5f4a941509c8bafd8ce11080259",
                "sha256:8b74bedcbbbaca38ff6d7491d76f2b06b3592611af620f8426e82dddb04a5ced"
            ],
            "version": "==1.15.0"
        },
        "sqlparse": {
            "hashes": [
                "sha256:022fb9c87b524d1f7862b3037e541f68597a730a8843245c349fc93e1643dc4e",
                "sha256:e162203737712307dfe78860cc56c8da8a852ab2ee33750e33aeadf38d12c548"
            ],
            "version": "==0.3.1"
        },
        "typing": {
            "hashes": [
                "sha256:91dfe6f3f706ee8cc32d38edbbf304e9b7583fb37108fef38229617f8b3eba23",
                "sha256:c8cabb5ab8945cd2f54917be357d134db9cc1eb039e59d1606dc1e60cb1d9d36",
                "sha256:f38d83c5a7a7086543a0f649564d661859c5146a85775ab90c0d2f93ffaa9714"
            ],
            "version": "==3.7.4.1"
        },
        "whitenoise": {
            "hashes": [
                "sha256:9a8ef48d2a2b4a101d84a0e5edbb20759affbc832cd74f3194e803cca7f28f6a",
                "sha256:c42d640b8db482924b36ddadcc7087cf49f796fa1faa1583b3d07118f55a4265"
            ],
            "index": "pypi",
            "version": "==4.0b4"
        }
    },
    "develop": {
        "werkzeug": {
            "hashes": [
                "sha256:903a7b87b74635244548b30d30db4c8947fe64c5198f58899ddcd3a13c23bb26",
                "sha256:e8549c143af3ce6559699a01e26fa4174f4c591dbee0a499f3cd4c3781cdec3d"
            ],
            "index": "pypi",
            "version": "==0.12.2"
        }
    }
}
